
Microsoft Visual Studio Solution File, Format Version 12.00
# Visual Studio 15
VisualStudioVersion = 15.0.27004.2002
MinimumVisualStudioVersion = 10.0.40219.1
Project("{FAE04EC0-301F-11D3-BF4B-00C04F79EFBC}") = "CSharpLibrary", "CSharpLibrary\CSharpLibrary.csproj", "{1312DE3A-DEBE-44B0-811B-CD74AF5E06BE}"
EndProject
Project("{FAE04EC0-301F-11D3-BF4B-00C04F79EFBC}") = "0.01_Intro", "0.01_Intro\0.01_Intro.csproj", "{F65133D6-11DE-42E8-984E-9AFC33FDB1D2}"
EndProject
Project("{FAE04EC0-301F-11D3-BF4B-00C04F79EFBC}") = "0.02_BasicTypes", "0.02_BasicTypes\0.02_BasicTypes.csproj", "{5163B13D-D629-4F27-91E1-916AEB5AE010}"
EndProject
Project("{FAE04EC0-301F-11D3-BF4B-00C04F79EFBC}") = "0.02_BasicTypesChallenges", "0.02_BasicTypesChallenges\0.02_BasicTypesChallenges.csproj", "{930B8D0E-A0F5-4BC4-A9B2-0009A0586086}"
EndProject
Global
	GlobalSection(SolutionConfigurationPlatforms) = preSolution
		Debug|Any CPU = Debug|Any CPU
		Release|Any CPU = Release|Any CPU
	EndGlobalSection
	GlobalSection(ProjectConfigurationPlatforms) = postSolution
		{1312DE3A-DEBE-44B0-811B-CD74AF5E06BE}.Debug|Any CPU.ActiveCfg = Debug|Any CPU
		{1312DE3A-DEBE-44B0-811B-CD74AF5E06BE}.Debug|Any CPU.Build.0 = Debug|Any CPU
		{1312DE3A-DEBE-44B0-811B-CD74AF5E06BE}.Release|Any CPU.ActiveCfg = Release|Any CPU
		{1312DE3A-DEBE-44B0-811B-CD74AF5E06BE}.Release|Any CPU.Build.0 = Release|Any CPU
		{F65133D6-11DE-42E8-984E-9AFC33FDB1D2}.Debug|Any CPU.ActiveCfg = Debug|Any CPU
		{F65133D6-11DE-42E8-984E-9AFC33FDB1D2}.Debug|Any CPU.Build.0 = Debug|Any CPU
		{F65133D6-11DE-42E8-984E-9AFC33FDB1D2}.Release|Any CPU.ActiveCfg = Release|Any CPU
		{F65133D6-11DE-42E8-984E-9AFC33FDB1D2}.Release|Any CPU.Build.0 = Release|Any CPU
		{5163B13D-D629-4F27-91E1-916AEB5AE010}.Debug|Any CPU.ActiveCfg = Debug|Any CPU
		{5163B13D-D629-4F27-91E1-916AEB5AE010}.Debug|Any CPU.Build.0 = Debug|Any CPU
		{5163B13D-D629-4F27-91E1-916AEB5AE010}.Release|Any CPU.ActiveCfg = Release|Any CPU
		{5163B13D-D629-4F27-91E1-916AEB5AE010}.Release|Any CPU.Build.0 = Release|Any CPU
		{930B8D0E-A0F5-4BC4-A9B2-0009A0586086}.Debug|Any CPU.ActiveCfg = Debug|Any CPU
		{930B8D0E-A0F5-4BC4-A9B2-0009A0586086}.Debug|Any CPU.Build.0 = Debug|Any CPU
		{930B8D0E-A0F5-4BC4-A9B2-0009A0586086}.Release|Any CPU.ActiveCfg = Release|Any CPU
		{930B8D0E-A0F5-4BC4-A9B2-0009A0586086}.Release|Any CPU.Build.0 = Release|Any CPU
	EndGlobalSection
	GlobalSection(SolutionProperties) = preSolution
		HideSolutionNode = FALSE
	EndGlobalSection
	GlobalSection(ExtensibilityGlobals) = postSolution
		SolutionGuid = {916A4235-3F57-4B8A-8513-E05708E40F86}
	EndGlobalSection
EndGlobal
