
Microsoft Visual Studio Solution File, Format Version 12.00
# Visual Studio 15
VisualStudioVersion = 15.0.27004.2002
MinimumVisualStudioVersion = 10.0.40219.1
Project("{FAE04EC0-301F-11D3-BF4B-00C04F79EFBC}") = "CSharpLibrary", "CSharpLibrary\CSharpLibrary.csproj", "{1312DE3A-DEBE-44B0-811B-CD74AF5E06BE}"
EndProject
Project("{FAE04EC0-301F-11D3-BF4B-00C04F79EFBC}") = "0.01_Intro", "0.01_Intro\0.01_Intro.csproj", "{F65133D6-11DE-42E8-984E-9AFC33FDB1D2}"
EndProject
Project("{FAE04EC0-301F-11D3-BF4B-00C04F79EFBC}") = "0.02_BasicTypes", "0.02_BasicTypes\0.02_BasicTypes.csproj", "{5163B13D-D629-4F27-91E1-916AEB5AE010}"
EndProject
Project("{FAE04EC0-301F-11D3-BF4B-00C04F79EFBC}") = "0.02_BasicTypesChallenges", "0.02_BasicTypesChallenges\0.02_BasicTypesChallenges.csproj", "{930B8D0E-A0F5-4BC4-A9B2-0009A0586086}"
EndProject
Project("{FAE04EC0-301F-11D3-BF4B-00C04F79EFBC}") = "0.03_Strings", "0.03_Strings\0.03_Strings.csproj", "{0FFA4F2E-8F8A-4447-9BEA-95E83A44868D}"
EndProject
Project("{FAE04EC0-301F-11D3-BF4B-00C04F79EFBC}") = "0.03StringsChallenge", "0.03StringsChallenge\0.03StringsChallenge.csproj", "{627085FE-A3AC-415F-922C-5F140F54AA2B}"
EndProject
Project("{FAE04EC0-301F-11D3-BF4B-00C04F79EFBC}") = "0.04_Coditionals", "0.04_Coditionals\0.04_Coditionals.csproj", "{5594FDF6-6FF3-457F-AA25-B77167E6AB61}"
EndProject
Project("{FAE04EC0-301F-11D3-BF4B-00C04F79EFBC}") = "0.04_BankAccount", "0.04_BankAccount\0.04_BankAccount.csproj", "{CF2E7FC3-EC08-4B8C-96BE-0C0123B33BB5}"
EndProject
Project("{FAE04EC0-301F-11D3-BF4B-00C04F79EFBC}") = "0.05_Switch", "0.05_Switch\0.05_Switch.csproj", "{277BE0F7-43A7-4112-BAD7-142EAA461424}"
EndProject
Project("{FAE04EC0-301F-11D3-BF4B-00C04F79EFBC}") = "0.06_Loops", "0.05_Loops\0.06_Loops.csproj", "{3FCAEFDC-DAAF-4779-88C6-0595B2F04938}"
EndProject
Project("{FAE04EC0-301F-11D3-BF4B-00C04F79EFBC}") = "0.06_LoopChallenge", "0.06_LoopChallenge\0.06_LoopChallenge.csproj", "{B3244381-0B3F-4726-A0A8-B1EEF31E238D}"
EndProject
Project("{FAE04EC0-301F-11D3-BF4B-00C04F79EFBC}") = "0.07_Objects", "0.07_Objects\0.07_Objects.csproj", "{E8BF85A4-27D5-4E7E-AFF9-65DEE65B34DA}"
EndProject
Global
	GlobalSection(SolutionConfigurationPlatforms) = preSolution
		Debug|Any CPU = Debug|Any CPU
		Release|Any CPU = Release|Any CPU
	EndGlobalSection
	GlobalSection(ProjectConfigurationPlatforms) = postSolution
		{1312DE3A-DEBE-44B0-811B-CD74AF5E06BE}.Debug|Any CPU.ActiveCfg = Debug|Any CPU
		{1312DE3A-DEBE-44B0-811B-CD74AF5E06BE}.Debug|Any CPU.Build.0 = Debug|Any CPU
		{1312DE3A-DEBE-44B0-811B-CD74AF5E06BE}.Release|Any CPU.ActiveCfg = Release|Any CPU
		{1312DE3A-DEBE-44B0-811B-CD74AF5E06BE}.Release|Any CPU.Build.0 = Release|Any CPU
		{F65133D6-11DE-42E8-984E-9AFC33FDB1D2}.Debug|Any CPU.ActiveCfg = Debug|Any CPU
		{F65133D6-11DE-42E8-984E-9AFC33FDB1D2}.Debug|Any CPU.Build.0 = Debug|Any CPU
		{F65133D6-11DE-42E8-984E-9AFC33FDB1D2}.Release|Any CPU.ActiveCfg = Release|Any CPU
		{F65133D6-11DE-42E8-984E-9AFC33FDB1D2}.Release|Any CPU.Build.0 = Release|Any CPU
		{5163B13D-D629-4F27-91E1-916AEB5AE010}.Debug|Any CPU.ActiveCfg = Debug|Any CPU
		{5163B13D-D629-4F27-91E1-916AEB5AE010}.Debug|Any CPU.Build.0 = Debug|Any CPU
		{5163B13D-D629-4F27-91E1-916AEB5AE010}.Release|Any CPU.ActiveCfg = Release|Any CPU
		{5163B13D-D629-4F27-91E1-916AEB5AE010}.Release|Any CPU.Build.0 = Release|Any CPU
		{930B8D0E-A0F5-4BC4-A9B2-0009A0586086}.Debug|Any CPU.ActiveCfg = Debug|Any CPU
		{930B8D0E-A0F5-4BC4-A9B2-0009A0586086}.Debug|Any CPU.Build.0 = Debug|Any CPU
		{930B8D0E-A0F5-4BC4-A9B2-0009A0586086}.Release|Any CPU.ActiveCfg = Release|Any CPU
		{930B8D0E-A0F5-4BC4-A9B2-0009A0586086}.Release|Any CPU.Build.0 = Release|Any CPU
		{0FFA4F2E-8F8A-4447-9BEA-95E83A44868D}.Debug|Any CPU.ActiveCfg = Debug|Any CPU
		{0FFA4F2E-8F8A-4447-9BEA-95E83A44868D}.Debug|Any CPU.Build.0 = Debug|Any CPU
		{0FFA4F2E-8F8A-4447-9BEA-95E83A44868D}.Release|Any CPU.ActiveCfg = Release|Any CPU
		{0FFA4F2E-8F8A-4447-9BEA-95E83A44868D}.Release|Any CPU.Build.0 = Release|Any CPU
		{627085FE-A3AC-415F-922C-5F140F54AA2B}.Debug|Any CPU.ActiveCfg = Debug|Any CPU
		{627085FE-A3AC-415F-922C-5F140F54AA2B}.Debug|Any CPU.Build.0 = Debug|Any CPU
		{627085FE-A3AC-415F-922C-5F140F54AA2B}.Release|Any CPU.ActiveCfg = Release|Any CPU
		{627085FE-A3AC-415F-922C-5F140F54AA2B}.Release|Any CPU.Build.0 = Release|Any CPU
		{5594FDF6-6FF3-457F-AA25-B77167E6AB61}.Debug|Any CPU.ActiveCfg = Debug|Any CPU
		{5594FDF6-6FF3-457F-AA25-B77167E6AB61}.Debug|Any CPU.Build.0 = Debug|Any CPU
		{5594FDF6-6FF3-457F-AA25-B77167E6AB61}.Release|Any CPU.ActiveCfg = Release|Any CPU
		{5594FDF6-6FF3-457F-AA25-B77167E6AB61}.Release|Any CPU.Build.0 = Release|Any CPU
		{CF2E7FC3-EC08-4B8C-96BE-0C0123B33BB5}.Debug|Any CPU.ActiveCfg = Debug|Any CPU
		{CF2E7FC3-EC08-4B8C-96BE-0C0123B33BB5}.Debug|Any CPU.Build.0 = Debug|Any CPU
		{CF2E7FC3-EC08-4B8C-96BE-0C0123B33BB5}.Release|Any CPU.ActiveCfg = Release|Any CPU
		{CF2E7FC3-EC08-4B8C-96BE-0C0123B33BB5}.Release|Any CPU.Build.0 = Release|Any CPU
		{277BE0F7-43A7-4112-BAD7-142EAA461424}.Debug|Any CPU.ActiveCfg = Debug|Any CPU
		{277BE0F7-43A7-4112-BAD7-142EAA461424}.Debug|Any CPU.Build.0 = Debug|Any CPU
		{277BE0F7-43A7-4112-BAD7-142EAA461424}.Release|Any CPU.ActiveCfg = Release|Any CPU
		{277BE0F7-43A7-4112-BAD7-142EAA461424}.Release|Any CPU.Build.0 = Release|Any CPU
		{3FCAEFDC-DAAF-4779-88C6-0595B2F04938}.Debug|Any CPU.ActiveCfg = Debug|Any CPU
		{3FCAEFDC-DAAF-4779-88C6-0595B2F04938}.Debug|Any CPU.Build.0 = Debug|Any CPU
		{3FCAEFDC-DAAF-4779-88C6-0595B2F04938}.Release|Any CPU.ActiveCfg = Release|Any CPU
		{3FCAEFDC-DAAF-4779-88C6-0595B2F04938}.Release|Any CPU.Build.0 = Release|Any CPU
		{B3244381-0B3F-4726-A0A8-B1EEF31E238D}.Debug|Any CPU.ActiveCfg = Debug|Any CPU
		{B3244381-0B3F-4726-A0A8-B1EEF31E238D}.Debug|Any CPU.Build.0 = Debug|Any CPU
		{B3244381-0B3F-4726-A0A8-B1EEF31E238D}.Release|Any CPU.ActiveCfg = Release|Any CPU
		{B3244381-0B3F-4726-A0A8-B1EEF31E238D}.Release|Any CPU.Build.0 = Release|Any CPU
		{E8BF85A4-27D5-4E7E-AFF9-65DEE65B34DA}.Debug|Any CPU.ActiveCfg = Debug|Any CPU
		{E8BF85A4-27D5-4E7E-AFF9-65DEE65B34DA}.Debug|Any CPU.Build.0 = Debug|Any CPU
		{E8BF85A4-27D5-4E7E-AFF9-65DEE65B34DA}.Release|Any CPU.ActiveCfg = Release|Any CPU
		{E8BF85A4-27D5-4E7E-AFF9-65DEE65B34DA}.Release|Any CPU.Build.0 = Release|Any CPU
	EndGlobalSection
	GlobalSection(SolutionProperties) = preSolution
		HideSolutionNode = FALSE
	EndGlobalSection
	GlobalSection(ExtensibilityGlobals) = postSolution
		SolutionGuid = {916A4235-3F57-4B8A-8513-E05708E40F86}
	EndGlobalSection
EndGlobal
